
Microsoft Visual Studio Solution File, Format Version 12.00
# Visual Studio Version 17
VisualStudioVersion = 17.11.35327.3
MinimumVisualStudioVersion = 10.0.40219.1
Project("{2150E333-8FDC-42A3-9474-1A3956D46DE8}") = "Services", "Services", "{34556C09-28E2-40CC-91D9-09835840D883}"
EndProject
Project("{2150E333-8FDC-42A3-9474-1A3956D46DE8}") = "Shared", "Shared", "{7BDB82F0-150A-46D8-B1A9-02C4D516C38D}"
EndProject
Project("{9A19103F-16F7-4668-BE54-9A1E7A4F7556}") = "Contracts", "Contracts\Contracts.csproj", "{FDE30D41-3117-4201-8371-D5B27DD208B6}"
EndProject
Project("{2150E333-8FDC-42A3-9474-1A3956D46DE8}") = "UserService", "UserService", "{6A64DD1F-DCDA-4BB8-8A72-997A8FEE6B58}"
EndProject
Project("{9A19103F-16F7-4668-BE54-9A1E7A4F7556}") = "UserService.Api", "UserService.Api\UserService.Api.csproj", "{06732BBB-938D-4208-ABC1-BBE40447CF78}"
EndProject
Project("{9A19103F-16F7-4668-BE54-9A1E7A4F7556}") = "UserService.Application", "UserService.Application\UserService.Application.csproj", "{87DAC654-84BA-4949-ACAD-3DCC1AD35553}"
EndProject
Project("{9A19103F-16F7-4668-BE54-9A1E7A4F7556}") = "UserService.Domain", "UserService.Domain\UserService.Domain.csproj", "{B00964D2-0E8E-4A07-85D4-87CCCC0C96D1}"
EndProject
Project("{9A19103F-16F7-4668-BE54-9A1E7A4F7556}") = "UserService.Infrastructure", "UserService.Infra\UserService.Infrastructure.csproj", "{7B1BA970-2759-4BC0-9EBC-F40E90EAA31E}"
EndProject
Project("{2150E333-8FDC-42A3-9474-1A3956D46DE8}") = "ParkingService", "ParkingService", "{6F4332AB-1509-48EE-8BF5-91FF94F1A497}"
EndProject
Project("{9A19103F-16F7-4668-BE54-9A1E7A4F7556}") = "ParkingService.Api", "ParkingService.Api\ParkingService.Api.csproj", "{94B9497E-018E-4A37-B356-61D13ACD7C61}"
EndProject
Project("{9A19103F-16F7-4668-BE54-9A1E7A4F7556}") = "ParkingService.Application", "ParkingService.Application\ParkingService.Application.csproj", "{FDA6D302-00AF-4496-8A66-58196A904B2F}"
EndProject
Project("{9A19103F-16F7-4668-BE54-9A1E7A4F7556}") = "ParkingService.Domain", "ParkingService.Domain\ParkingService.Domain.csproj", "{5AC70B67-5B9E-4E4B-816A-1CDA4D59FFE8}"
EndProject
Project("{9A19103F-16F7-4668-BE54-9A1E7A4F7556}") = "ParkingService.Infrastructure", "ParkingService.Infrastructure\ParkingService.Infrastructure.csproj", "{3FC836F9-18B6-493C-A4DD-1EEB285BA078}"
EndProject
Project("{2150E333-8FDC-42A3-9474-1A3956D46DE8}") = "PaymentService", "PaymentService", "{C351987A-8F55-462F-AA0C-2243ACE5FBE8}"
EndProject
Project("{9A19103F-16F7-4668-BE54-9A1E7A4F7556}") = "PaymentService.Api", "PaymentService.Api\PaymentService.Api.csproj", "{645AC414-B411-40D8-B455-65FB109D8A97}"
EndProject
Project("{9A19103F-16F7-4668-BE54-9A1E7A4F7556}") = "PaymentService.Application", "PaymentService.Application\PaymentService.Application.csproj", "{DA3AE60A-7B4B-4FC6-899C-E67D022AAD18}"
EndProject
Project("{9A19103F-16F7-4668-BE54-9A1E7A4F7556}") = "PaymentService.Domain", "PaymentService.Domain\PaymentService.Domain.csproj", "{34C56E16-4304-4791-8C68-FC73AA8D4D57}"
EndProject
Project("{9A19103F-16F7-4668-BE54-9A1E7A4F7556}") = "PaymentService.Infrastructure", "PaymentService.Infrastructure\PaymentService.Infrastructure.csproj", "{F1AA03D3-2AEE-49B6-8950-36F2A9812D76}"
EndProject
Project("{2150E333-8FDC-42A3-9474-1A3956D46DE8}") = "Solution Items", "Solution Items", "{5CFD0CB5-AC37-4F61-A623-148A9BB52BFB}"
	ProjectSection(SolutionItems) = preProject
		.gitattributes = .gitattributes
		.gitignore = .gitignore
	EndProjectSection
EndProject
Global
	GlobalSection(SolutionConfigurationPlatforms) = preSolution
		Debug|Any CPU = Debug|Any CPU
		Release|Any CPU = Release|Any CPU
	EndGlobalSection
	GlobalSection(ProjectConfigurationPlatforms) = postSolution
		{FDE30D41-3117-4201-8371-D5B27DD208B6}.Debug|Any CPU.ActiveCfg = Debug|Any CPU
		{FDE30D41-3117-4201-8371-D5B27DD208B6}.Debug|Any CPU.Build.0 = Debug|Any CPU
		{FDE30D41-3117-4201-8371-D5B27DD208B6}.Release|Any CPU.ActiveCfg = Release|Any CPU
		{FDE30D41-3117-4201-8371-D5B27DD208B6}.Release|Any CPU.Build.0 = Release|Any CPU
		{06732BBB-938D-4208-ABC1-BBE40447CF78}.Debug|Any CPU.ActiveCfg = Debug|Any CPU
		{06732BBB-938D-4208-ABC1-BBE40447CF78}.Debug|Any CPU.Build.0 = Debug|Any CPU
		{06732BBB-938D-4208-ABC1-BBE40447CF78}.Release|Any CPU.ActiveCfg = Release|Any CPU
		{06732BBB-938D-4208-ABC1-BBE40447CF78}.Release|Any CPU.Build.0 = Release|Any CPU
		{87DAC654-84BA-4949-ACAD-3DCC1AD35553}.Debug|Any CPU.ActiveCfg = Debug|Any CPU
		{87DAC654-84BA-4949-ACAD-3DCC1AD35553}.Debug|Any CPU.Build.0 = Debug|Any CPU
		{87DAC654-84BA-4949-ACAD-3DCC1AD35553}.Release|Any CPU.ActiveCfg = Release|Any CPU
		{87DAC654-84BA-4949-ACAD-3DCC1AD35553}.Release|Any CPU.Build.0 = Release|Any CPU
		{B00964D2-0E8E-4A07-85D4-87CCCC0C96D1}.Debug|Any CPU.ActiveCfg = Debug|Any CPU
		{B00964D2-0E8E-4A07-85D4-87CCCC0C96D1}.Debug|Any CPU.Build.0 = Debug|Any CPU
		{B00964D2-0E8E-4A07-85D4-87CCCC0C96D1}.Release|Any CPU.ActiveCfg = Release|Any CPU
		{B00964D2-0E8E-4A07-85D4-87CCCC0C96D1}.Release|Any CPU.Build.0 = Release|Any CPU
		{7B1BA970-2759-4BC0-9EBC-F40E90EAA31E}.Debug|Any CPU.ActiveCfg = Debug|Any CPU
		{7B1BA970-2759-4BC0-9EBC-F40E90EAA31E}.Debug|Any CPU.Build.0 = Debug|Any CPU
		{7B1BA970-2759-4BC0-9EBC-F40E90EAA31E}.Release|Any CPU.ActiveCfg = Release|Any CPU
		{7B1BA970-2759-4BC0-9EBC-F40E90EAA31E}.Release|Any CPU.Build.0 = Release|Any CPU
		{94B9497E-018E-4A37-B356-61D13ACD7C61}.Debug|Any CPU.ActiveCfg = Debug|Any CPU
		{94B9497E-018E-4A37-B356-61D13ACD7C61}.Debug|Any CPU.Build.0 = Debug|Any CPU
		{94B9497E-018E-4A37-B356-61D13ACD7C61}.Release|Any CPU.ActiveCfg = Release|Any CPU
		{94B9497E-018E-4A37-B356-61D13ACD7C61}.Release|Any CPU.Build.0 = Release|Any CPU
		{FDA6D302-00AF-4496-8A66-58196A904B2F}.Debug|Any CPU.ActiveCfg = Debug|Any CPU
		{FDA6D302-00AF-4496-8A66-58196A904B2F}.Debug|Any CPU.Build.0 = Debug|Any CPU
		{FDA6D302-00AF-4496-8A66-58196A904B2F}.Release|Any CPU.ActiveCfg = Release|Any CPU
		{FDA6D302-00AF-4496-8A66-58196A904B2F}.Release|Any CPU.Build.0 = Release|Any CPU
		{5AC70B67-5B9E-4E4B-816A-1CDA4D59FFE8}.Debug|Any CPU.ActiveCfg = Debug|Any CPU
		{5AC70B67-5B9E-4E4B-816A-1CDA4D59FFE8}.Debug|Any CPU.Build.0 = Debug|Any CPU
		{5AC70B67-5B9E-4E4B-816A-1CDA4D59FFE8}.Release|Any CPU.ActiveCfg = Release|Any CPU
		{5AC70B67-5B9E-4E4B-816A-1CDA4D59FFE8}.Release|Any CPU.Build.0 = Release|Any CPU
		{3FC836F9-18B6-493C-A4DD-1EEB285BA078}.Debug|Any CPU.ActiveCfg = Debug|Any CPU
		{3FC836F9-18B6-493C-A4DD-1EEB285BA078}.Debug|Any CPU.Build.0 = Debug|Any CPU
		{3FC836F9-18B6-493C-A4DD-1EEB285BA078}.Release|Any CPU.ActiveCfg = Release|Any CPU
		{3FC836F9-18B6-493C-A4DD-1EEB285BA078}.Release|Any CPU.Build.0 = Release|Any CPU
		{645AC414-B411-40D8-B455-65FB109D8A97}.Debug|Any CPU.ActiveCfg = Debug|Any CPU
		{645AC414-B411-40D8-B455-65FB109D8A97}.Debug|Any CPU.Build.0 = Debug|Any CPU
		{645AC414-B411-40D8-B455-65FB109D8A97}.Release|Any CPU.ActiveCfg = Release|Any CPU
		{645AC414-B411-40D8-B455-65FB109D8A97}.Release|Any CPU.Build.0 = Release|Any CPU
		{DA3AE60A-7B4B-4FC6-899C-E67D022AAD18}.Debug|Any CPU.ActiveCfg = Debug|Any CPU
		{DA3AE60A-7B4B-4FC6-899C-E67D022AAD18}.Debug|Any CPU.Build.0 = Debug|Any CPU
		{DA3AE60A-7B4B-4FC6-899C-E67D022AAD18}.Release|Any CPU.ActiveCfg = Release|Any CPU
		{DA3AE60A-7B4B-4FC6-899C-E67D022AAD18}.Release|Any CPU.Build.0 = Release|Any CPU
		{34C56E16-4304-4791-8C68-FC73AA8D4D57}.Debug|Any CPU.ActiveCfg = Debug|Any CPU
		{34C56E16-4304-4791-8C68-FC73AA8D4D57}.Debug|Any CPU.Build.0 = Debug|Any CPU
		{34C56E16-4304-4791-8C68-FC73AA8D4D57}.Release|Any CPU.ActiveCfg = Release|Any CPU
		{34C56E16-4304-4791-8C68-FC73AA8D4D57}.Release|Any CPU.Build.0 = Release|Any CPU
		{F1AA03D3-2AEE-49B6-8950-36F2A9812D76}.Debug|Any CPU.ActiveCfg = Debug|Any CPU
		{F1AA03D3-2AEE-49B6-8950-36F2A9812D76}.Debug|Any CPU.Build.0 = Debug|Any CPU
		{F1AA03D3-2AEE-49B6-8950-36F2A9812D76}.Release|Any CPU.ActiveCfg = Release|Any CPU
		{F1AA03D3-2AEE-49B6-8950-36F2A9812D76}.Release|Any CPU.Build.0 = Release|Any CPU
	EndGlobalSection
	GlobalSection(SolutionProperties) = preSolution
		HideSolutionNode = FALSE
	EndGlobalSection
	GlobalSection(NestedProjects) = preSolution
		{FDE30D41-3117-4201-8371-D5B27DD208B6} = {7BDB82F0-150A-46D8-B1A9-02C4D516C38D}
		{6A64DD1F-DCDA-4BB8-8A72-997A8FEE6B58} = {34556C09-28E2-40CC-91D9-09835840D883}
		{06732BBB-938D-4208-ABC1-BBE40447CF78} = {6A64DD1F-DCDA-4BB8-8A72-997A8FEE6B58}
		{87DAC654-84BA-4949-ACAD-3DCC1AD35553} = {6A64DD1F-DCDA-4BB8-8A72-997A8FEE6B58}
		{B00964D2-0E8E-4A07-85D4-87CCCC0C96D1} = {6A64DD1F-DCDA-4BB8-8A72-997A8FEE6B58}
		{7B1BA970-2759-4BC0-9EBC-F40E90EAA31E} = {6A64DD1F-DCDA-4BB8-8A72-997A8FEE6B58}
		{6F4332AB-1509-48EE-8BF5-91FF94F1A497} = {34556C09-28E2-40CC-91D9-09835840D883}
		{94B9497E-018E-4A37-B356-61D13ACD7C61} = {6F4332AB-1509-48EE-8BF5-91FF94F1A497}
		{FDA6D302-00AF-4496-8A66-58196A904B2F} = {6F4332AB-1509-48EE-8BF5-91FF94F1A497}
		{5AC70B67-5B9E-4E4B-816A-1CDA4D59FFE8} = {6F4332AB-1509-48EE-8BF5-91FF94F1A497}
		{3FC836F9-18B6-493C-A4DD-1EEB285BA078} = {6F4332AB-1509-48EE-8BF5-91FF94F1A497}
		{C351987A-8F55-462F-AA0C-2243ACE5FBE8} = {34556C09-28E2-40CC-91D9-09835840D883}
		{645AC414-B411-40D8-B455-65FB109D8A97} = {C351987A-8F55-462F-AA0C-2243ACE5FBE8}
		{DA3AE60A-7B4B-4FC6-899C-E67D022AAD18} = {C351987A-8F55-462F-AA0C-2243ACE5FBE8}
		{34C56E16-4304-4791-8C68-FC73AA8D4D57} = {C351987A-8F55-462F-AA0C-2243ACE5FBE8}
		{F1AA03D3-2AEE-49B6-8950-36F2A9812D76} = {C351987A-8F55-462F-AA0C-2243ACE5FBE8}
	EndGlobalSection
	GlobalSection(ExtensibilityGlobals) = postSolution
		SolutionGuid = {F68AB4AD-D186-41E1-B60F-64D13811B480}
	EndGlobalSection
EndGlobal
